
Microsoft Visual Studio Solution File, Format Version 12.00
# Visual Studio 15
Project("{FAE04EC0-301F-11D3-BF4B-00C04F79EFBC}") = "Assembly-CSharp", "Assembly-CSharp.csproj", "{B2B58FB2-4462-6B0C-A872-40DD957E5FE0}"
EndProject
Project("{FAE04EC0-301F-11D3-BF4B-00C04F79EFBC}") = "com.lightbug.character-controller-pro", "com.lightbug.character-controller-pro.csproj", "{AAC3359C-69EA-C634-0DD2-669CC728F054}"
EndProject
Project("{FAE04EC0-301F-11D3-BF4B-00C04F79EFBC}") = "Fern.RenderPipelines.Universal.PostProcessing.Runtime", "Fern.RenderPipelines.Universal.PostProcessing.Runtime.csproj", "{B15A6DBA-1707-9C34-823C-E2716F6EB435}"
EndProject
Project("{FAE04EC0-301F-11D3-BF4B-00C04F79EFBC}") = "LWGUI", "LWGUI.csproj", "{514C98E5-1F69-3C71-662B-2D6CA97E1EF1}"
EndProject
Project("{FAE04EC0-301F-11D3-BF4B-00C04F79EFBC}") = "Assembly-CSharp-Editor", "Assembly-CSharp-Editor.csproj", "{5A0769DA-25DA-A68D-BA58-6ED404CB536B}"
EndProject
Global
	GlobalSection(SolutionConfigurationPlatforms) = preSolution
		Debug|Any CPU = Debug|Any CPU
		Release|Any CPU = Release|Any CPU
	EndGlobalSection
	GlobalSection(ProjectConfigurationPlatforms) = postSolution
		{B2B58FB2-4462-6B0C-A872-40DD957E5FE0}.Debug|Any CPU.ActiveCfg = Debug|Any CPU
		{B2B58FB2-4462-6B0C-A872-40DD957E5FE0}.Debug|Any CPU.Build.0 = Debug|Any CPU
		{B2B58FB2-4462-6B0C-A872-40DD957E5FE0}.Release|Any CPU.ActiveCfg = Release|Any CPU
		{B2B58FB2-4462-6B0C-A872-40DD957E5FE0}.Release|Any CPU.Build.0 = Release|Any CPU
		{AAC3359C-69EA-C634-0DD2-669CC728F054}.Debug|Any CPU.ActiveCfg = Debug|Any CPU
		{AAC3359C-69EA-C634-0DD2-669CC728F054}.Debug|Any CPU.Build.0 = Debug|Any CPU
		{AAC3359C-69EA-C634-0DD2-669CC728F054}.Release|Any CPU.ActiveCfg = Release|Any CPU
		{AAC3359C-69EA-C634-0DD2-669CC728F054}.Release|Any CPU.Build.0 = Release|Any CPU
		{B15A6DBA-1707-9C34-823C-E2716F6EB435}.Debug|Any CPU.ActiveCfg = Debug|Any CPU
		{B15A6DBA-1707-9C34-823C-E2716F6EB435}.Debug|Any CPU.Build.0 = Debug|Any CPU
		{B15A6DBA-1707-9C34-823C-E2716F6EB435}.Release|Any CPU.ActiveCfg = Release|Any CPU
		{B15A6DBA-1707-9C34-823C-E2716F6EB435}.Release|Any CPU.Build.0 = Release|Any CPU
		{514C98E5-1F69-3C71-662B-2D6CA97E1EF1}.Debug|Any CPU.ActiveCfg = Debug|Any CPU
		{514C98E5-1F69-3C71-662B-2D6CA97E1EF1}.Debug|Any CPU.Build.0 = Debug|Any CPU
		{514C98E5-1F69-3C71-662B-2D6CA97E1EF1}.Release|Any CPU.ActiveCfg = Release|Any CPU
		{514C98E5-1F69-3C71-662B-2D6CA97E1EF1}.Release|Any CPU.Build.0 = Release|Any CPU
		{5A0769DA-25DA-A68D-BA58-6ED404CB536B}.Debug|Any CPU.ActiveCfg = Debug|Any CPU
		{5A0769DA-25DA-A68D-BA58-6ED404CB536B}.Debug|Any CPU.Build.0 = Debug|Any CPU
		{5A0769DA-25DA-A68D-BA58-6ED404CB536B}.Release|Any CPU.ActiveCfg = Release|Any CPU
		{5A0769DA-25DA-A68D-BA58-6ED404CB536B}.Release|Any CPU.Build.0 = Release|Any CPU
	EndGlobalSection
	GlobalSection(SolutionProperties) = preSolution
		HideSolutionNode = FALSE
	EndGlobalSection
EndGlobal
