
Microsoft Visual Studio Solution File, Format Version 12.00
# Visual Studio 15
Project("{FAE04EC0-301F-11D3-BF4B-00C04F79EFBC}") = "MToon", "MToon.csproj", "{28DD958F-0A22-B75C-6F42-E8C063191D46}"
EndProject
Project("{FAE04EC0-301F-11D3-BF4B-00C04F79EFBC}") = "UniGLTF.Editor", "UniGLTF.Editor.csproj", "{3B7D4C71-776A-4B44-EE3C-C035FB163CD0}"
EndProject
Project("{FAE04EC0-301F-11D3-BF4B-00C04F79EFBC}") = "Assembly-CSharp", "Assembly-CSharp.csproj", "{B2B58FB2-4462-6B0C-A872-40DD957E5FE0}"
EndProject
Project("{FAE04EC0-301F-11D3-BF4B-00C04F79EFBC}") = "UniGLTF", "UniGLTF.csproj", "{8F5A758E-8FC8-085E-B1BA-E73548E31378}"
EndProject
Project("{FAE04EC0-301F-11D3-BF4B-00C04F79EFBC}") = "Assembly-CSharp-firstpass", "Assembly-CSharp-firstpass.csproj", "{79391AC5-8752-B4CC-F33F-BB9EB1094377}"
EndProject
Project("{FAE04EC0-301F-11D3-BF4B-00C04F79EFBC}") = "VRM10.Editor", "VRM10.Editor.csproj", "{76BD3594-2812-58B5-43B1-5D9F24A7CF57}"
EndProject
Project("{FAE04EC0-301F-11D3-BF4B-00C04F79EFBC}") = "UniGLTF.Tests", "UniGLTF.Tests.csproj", "{E3F1F318-BAA8-7FDE-B0F9-14392C96B239}"
EndProject
Project("{FAE04EC0-301F-11D3-BF4B-00C04F79EFBC}") = "MagicaClothV2", "MagicaClothV2.csproj", "{138EC561-E942-6471-7A14-4149C0D2DF3A}"
EndProject
Project("{FAE04EC0-301F-11D3-BF4B-00C04F79EFBC}") = "VRM10", "VRM10.csproj", "{DE6956A3-27F3-63AE-9F89-8208FD2BD477}"
EndProject
Project("{FAE04EC0-301F-11D3-BF4B-00C04F79EFBC}") = "VRM10.Samples.VRM10FirstPersonSample", "VRM10.Samples.VRM10FirstPersonSample.csproj", "{03D234D1-74F8-D459-A199-D089DC5FD651}"
EndProject
Project("{FAE04EC0-301F-11D3-BF4B-00C04F79EFBC}") = "Cinemachine.Runtime.Tests", "Cinemachine.Runtime.Tests.csproj", "{E6BF69AB-3E15-D1FC-6973-D688EBD469A0}"
EndProject
Project("{FAE04EC0-301F-11D3-BF4B-00C04F79EFBC}") = "Cinemachine", "Cinemachine.csproj", "{3A430D85-050C-BCDC-19BD-28FC018EABDA}"
EndProject
Project("{FAE04EC0-301F-11D3-BF4B-00C04F79EFBC}") = "VRMShaders.GLTF.IO.Runtime", "VRMShaders.GLTF.IO.Runtime.csproj", "{EE2B335F-3D8F-540C-DB3F-4EDE3A47C71F}"
EndProject
Project("{FAE04EC0-301F-11D3-BF4B-00C04F79EFBC}") = "Assembly-CSharp-Editor", "Assembly-CSharp-Editor.csproj", "{5A0769DA-25DA-A68D-BA58-6ED404CB536B}"
EndProject
Project("{FAE04EC0-301F-11D3-BF4B-00C04F79EFBC}") = "FastSpringBone10", "FastSpringBone10.csproj", "{350A2E3E-D5B6-D247-81CC-79636AE33044}"
EndProject
Project("{FAE04EC0-301F-11D3-BF4B-00C04F79EFBC}") = "FernGraph.Editor", "FernGraph.Editor.csproj", "{C81FA259-74BD-EC3D-CC62-79F7B83B5FD5}"
EndProject
Project("{FAE04EC0-301F-11D3-BF4B-00C04F79EFBC}") = "UniHumanoid", "UniHumanoid.csproj", "{980B2D2C-D666-A192-528B-258EEDED9640}"
EndProject
Project("{FAE04EC0-301F-11D3-BF4B-00C04F79EFBC}") = "Assembly-CSharp-Editor-firstpass", "Assembly-CSharp-Editor-firstpass.csproj", "{A0590241-EC89-9436-F11D-51760213F2B6}"
EndProject
Project("{FAE04EC0-301F-11D3-BF4B-00C04F79EFBC}") = "VrmLibTests", "VrmLibTests.csproj", "{A9D49550-C289-BEC6-FB4F-DF4449FA6580}"
EndProject
Project("{FAE04EC0-301F-11D3-BF4B-00C04F79EFBC}") = "Cinemachine.Editor.Tests", "Cinemachine.Editor.Tests.csproj", "{D5331629-E20C-9796-C33B-DC058D48A6D1}"
EndProject
Project("{FAE04EC0-301F-11D3-BF4B-00C04F79EFBC}") = "UniHumanoid.Editor", "UniHumanoid.Editor.csproj", "{34CF0DCA-CA92-2E62-1EEB-3A52D931CE97}"
EndProject
Project("{FAE04EC0-301F-11D3-BF4B-00C04F79EFBC}") = "com.unity.cinemachine.editor", "com.unity.cinemachine.editor.csproj", "{86C0D13B-294A-B7B7-CBCB-55B8969EF4E1}"
EndProject
Project("{FAE04EC0-301F-11D3-BF4B-00C04F79EFBC}") = "VRMShaders.VRM10.MToon10.Runtime", "VRMShaders.VRM10.MToon10.Runtime.csproj", "{DB7B2A56-4D08-FA00-5603-FE52E2B121C4}"
EndProject
Project("{FAE04EC0-301F-11D3-BF4B-00C04F79EFBC}") = "VRMShaders.GLTF.IO.Tests", "VRMShaders.GLTF.IO.Tests.csproj", "{08A726D7-FB66-1B0D-B4DD-361185E6D167}"
EndProject
Project("{FAE04EC0-301F-11D3-BF4B-00C04F79EFBC}") = "Fern.RenderPipelines.Universal.PostProcessing.Runtime", "Fern.RenderPipelines.Universal.PostProcessing.Runtime.csproj", "{B15A6DBA-1707-9C34-823C-E2716F6EB435}"
EndProject
Project("{FAE04EC0-301F-11D3-BF4B-00C04F79EFBC}") = "VrmLib", "VrmLib.csproj", "{764F9C52-508B-FC3A-1432-D4D483C87243}"
EndProject
Project("{FAE04EC0-301F-11D3-BF4B-00C04F79EFBC}") = "VRMShaders.VRM10.MToon10.Editor", "VRMShaders.VRM10.MToon10.Editor.csproj", "{F1DE11BE-9D61-0E52-F266-313E32311D8D}"
EndProject
Project("{FAE04EC0-301F-11D3-BF4B-00C04F79EFBC}") = "VRM10.Samples.VRM10Viewer", "VRM10.Samples.VRM10Viewer.csproj", "{88DDEFF3-C80D-26A7-B870-CB7F40965EE3}"
EndProject
Project("{FAE04EC0-301F-11D3-BF4B-00C04F79EFBC}") = "DOTween.Modules", "DOTween.Modules.csproj", "{723D97EB-DF20-DEE3-DE0F-9BD088EEF5A2}"
EndProject
Project("{FAE04EC0-301F-11D3-BF4B-00C04F79EFBC}") = "LWGUI", "LWGUI.csproj", "{514C98E5-1F69-3C71-662B-2D6CA97E1EF1}"
EndProject
Project("{FAE04EC0-301F-11D3-BF4B-00C04F79EFBC}") = "VRM10.Tests", "VRM10.Tests.csproj", "{443F1652-E792-57E5-8787-AA99610EB4E4}"
EndProject
Project("{FAE04EC0-301F-11D3-BF4B-00C04F79EFBC}") = "DOTweenPro.Scripts", "DOTweenPro.Scripts.csproj", "{92A0EC64-A362-2E4D-1355-F74660D16469}"
EndProject
Project("{FAE04EC0-301F-11D3-BF4B-00C04F79EFBC}") = "FernGraph.Runtime", "FernGraph.Runtime.csproj", "{31CFDF8D-DFD4-CD3A-4A2C-A6D46277A995}"
EndProject
Project("{FAE04EC0-301F-11D3-BF4B-00C04F79EFBC}") = "VRMShaders.VRM10.MToon10.Tests", "VRMShaders.VRM10.MToon10.Tests.csproj", "{70CDA699-BB71-95EC-B9E1-15001EAB9727}"
EndProject
Project("{FAE04EC0-301F-11D3-BF4B-00C04F79EFBC}") = "MToon.Editor", "MToon.Editor.csproj", "{01EF0CF8-A5AB-512D-2CC7-71C97B37ABD9}"
EndProject
Project("{FAE04EC0-301F-11D3-BF4B-00C04F79EFBC}") = "VRMShaders.VRM.IO.Runtime", "VRMShaders.VRM.IO.Runtime.csproj", "{F3FAC2AB-9CE5-772C-2752-DCD4AA101A6F}"
EndProject
Project("{FAE04EC0-301F-11D3-BF4B-00C04F79EFBC}") = "UniGLTF.Utils", "UniGLTF.Utils.csproj", "{7A22C933-B256-0D4B-5724-3187383E86DC}"
EndProject
Project("{FAE04EC0-301F-11D3-BF4B-00C04F79EFBC}") = "VRMShaders.GLTF.IO.Editor", "VRMShaders.GLTF.IO.Editor.csproj", "{2B00D0B7-8208-B472-7AA7-5DE31EB90290}"
EndProject
Project("{FAE04EC0-301F-11D3-BF4B-00C04F79EFBC}") = "VRMShaders.GLTF.UniUnlit.Editor", "VRMShaders.GLTF.UniUnlit.Editor.csproj", "{4F6FA408-4E41-7DD5-85EF-51A5A7784E3B}"
EndProject
Project("{FAE04EC0-301F-11D3-BF4B-00C04F79EFBC}") = "DOTweenPro.EditorScripts", "DOTweenPro.EditorScripts.csproj", "{C4AD8DC9-742B-770B-80D8-0C0E4C3913FE}"
EndProject
Project("{FAE04EC0-301F-11D3-BF4B-00C04F79EFBC}") = "AquaSys.SmoothNormals", "AquaSys.SmoothNormals.csproj", "{282A0AC3-D804-8051-C37A-506E18C3D800}"
EndProject
Project("{FAE04EC0-301F-11D3-BF4B-00C04F79EFBC}") = "AquaSys.TextureBaker", "AquaSys.TextureBaker.csproj", "{2481BE0E-E909-F928-4E6F-19B7B6A9AF12}"
EndProject
Project("{FAE04EC0-301F-11D3-BF4B-00C04F79EFBC}") = "VRMShaders.GLTF.UniUnlit.Runtime", "VRMShaders.GLTF.UniUnlit.Runtime.csproj", "{96B76F09-7E47-539F-9927-1DD8EA417606}"
EndProject
Project("{FAE04EC0-301F-11D3-BF4B-00C04F79EFBC}") = "VRMShaders.VRM10.Format.Runtime", "VRMShaders.VRM10.Format.Runtime.csproj", "{288C494A-222A-7510-AAB3-5FCBBB247417}"
EndProject
Project("{FAE04EC0-301F-11D3-BF4B-00C04F79EFBC}") = "UniHumanoid.Editor.Tests", "UniHumanoid.Editor.Tests.csproj", "{077C9E7B-9FC6-CA4D-D1C8-78851BA3A4BE}"
EndProject
Project("{FAE04EC0-301F-11D3-BF4B-00C04F79EFBC}") = "AquaSys.TextureBaker.Editor", "AquaSys.TextureBaker.Editor.csproj", "{958D8316-29AA-E07F-948B-9B9040DB27C2}"
EndProject
Project("{FAE04EC0-301F-11D3-BF4B-00C04F79EFBC}") = "VRM10.Tests.PlayMode", "VRM10.Tests.PlayMode.csproj", "{22AC7CA8-0F1D-6093-87B6-1823CD8431E9}"
EndProject
Global
	GlobalSection(SolutionConfigurationPlatforms) = preSolution
		Debug|Any CPU = Debug|Any CPU
		Release|Any CPU = Release|Any CPU
	EndGlobalSection
	GlobalSection(ProjectConfigurationPlatforms) = postSolution
		{28DD958F-0A22-B75C-6F42-E8C063191D46}.Debug|Any CPU.ActiveCfg = Debug|Any CPU
		{28DD958F-0A22-B75C-6F42-E8C063191D46}.Debug|Any CPU.Build.0 = Debug|Any CPU
		{28DD958F-0A22-B75C-6F42-E8C063191D46}.Release|Any CPU.ActiveCfg = Release|Any CPU
		{28DD958F-0A22-B75C-6F42-E8C063191D46}.Release|Any CPU.Build.0 = Release|Any CPU
		{3B7D4C71-776A-4B44-EE3C-C035FB163CD0}.Debug|Any CPU.ActiveCfg = Debug|Any CPU
		{3B7D4C71-776A-4B44-EE3C-C035FB163CD0}.Debug|Any CPU.Build.0 = Debug|Any CPU
		{3B7D4C71-776A-4B44-EE3C-C035FB163CD0}.Release|Any CPU.ActiveCfg = Release|Any CPU
		{3B7D4C71-776A-4B44-EE3C-C035FB163CD0}.Release|Any CPU.Build.0 = Release|Any CPU
		{B2B58FB2-4462-6B0C-A872-40DD957E5FE0}.Debug|Any CPU.ActiveCfg = Debug|Any CPU
		{B2B58FB2-4462-6B0C-A872-40DD957E5FE0}.Debug|Any CPU.Build.0 = Debug|Any CPU
		{B2B58FB2-4462-6B0C-A872-40DD957E5FE0}.Release|Any CPU.ActiveCfg = Release|Any CPU
		{B2B58FB2-4462-6B0C-A872-40DD957E5FE0}.Release|Any CPU.Build.0 = Release|Any CPU
		{8F5A758E-8FC8-085E-B1BA-E73548E31378}.Debug|Any CPU.ActiveCfg = Debug|Any CPU
		{8F5A758E-8FC8-085E-B1BA-E73548E31378}.Debug|Any CPU.Build.0 = Debug|Any CPU
		{8F5A758E-8FC8-085E-B1BA-E73548E31378}.Release|Any CPU.ActiveCfg = Release|Any CPU
		{8F5A758E-8FC8-085E-B1BA-E73548E31378}.Release|Any CPU.Build.0 = Release|Any CPU
		{79391AC5-8752-B4CC-F33F-BB9EB1094377}.Debug|Any CPU.ActiveCfg = Debug|Any CPU
		{79391AC5-8752-B4CC-F33F-BB9EB1094377}.Debug|Any CPU.Build.0 = Debug|Any CPU
		{79391AC5-8752-B4CC-F33F-BB9EB1094377}.Release|Any CPU.ActiveCfg = Release|Any CPU
		{79391AC5-8752-B4CC-F33F-BB9EB1094377}.Release|Any CPU.Build.0 = Release|Any CPU
		{76BD3594-2812-58B5-43B1-5D9F24A7CF57}.Debug|Any CPU.ActiveCfg = Debug|Any CPU
		{76BD3594-2812-58B5-43B1-5D9F24A7CF57}.Debug|Any CPU.Build.0 = Debug|Any CPU
		{76BD3594-2812-58B5-43B1-5D9F24A7CF57}.Release|Any CPU.ActiveCfg = Release|Any CPU
		{76BD3594-2812-58B5-43B1-5D9F24A7CF57}.Release|Any CPU.Build.0 = Release|Any CPU
		{E3F1F318-BAA8-7FDE-B0F9-14392C96B239}.Debug|Any CPU.ActiveCfg = Debug|Any CPU
		{E3F1F318-BAA8-7FDE-B0F9-14392C96B239}.Debug|Any CPU.Build.0 = Debug|Any CPU
		{E3F1F318-BAA8-7FDE-B0F9-14392C96B239}.Release|Any CPU.ActiveCfg = Release|Any CPU
		{E3F1F318-BAA8-7FDE-B0F9-14392C96B239}.Release|Any CPU.Build.0 = Release|Any CPU
		{138EC561-E942-6471-7A14-4149C0D2DF3A}.Debug|Any CPU.ActiveCfg = Debug|Any CPU
		{138EC561-E942-6471-7A14-4149C0D2DF3A}.Debug|Any CPU.Build.0 = Debug|Any CPU
		{138EC561-E942-6471-7A14-4149C0D2DF3A}.Release|Any CPU.ActiveCfg = Release|Any CPU
		{138EC561-E942-6471-7A14-4149C0D2DF3A}.Release|Any CPU.Build.0 = Release|Any CPU
		{DE6956A3-27F3-63AE-9F89-8208FD2BD477}.Debug|Any CPU.ActiveCfg = Debug|Any CPU
		{DE6956A3-27F3-63AE-9F89-8208FD2BD477}.Debug|Any CPU.Build.0 = Debug|Any CPU
		{DE6956A3-27F3-63AE-9F89-8208FD2BD477}.Release|Any CPU.ActiveCfg = Release|Any CPU
		{DE6956A3-27F3-63AE-9F89-8208FD2BD477}.Release|Any CPU.Build.0 = Release|Any CPU
		{03D234D1-74F8-D459-A199-D089DC5FD651}.Debug|Any CPU.ActiveCfg = Debug|Any CPU
		{03D234D1-74F8-D459-A199-D089DC5FD651}.Debug|Any CPU.Build.0 = Debug|Any CPU
		{03D234D1-74F8-D459-A199-D089DC5FD651}.Release|Any CPU.ActiveCfg = Release|Any CPU
		{03D234D1-74F8-D459-A199-D089DC5FD651}.Release|Any CPU.Build.0 = Release|Any CPU
		{E6BF69AB-3E15-D1FC-6973-D688EBD469A0}.Debug|Any CPU.ActiveCfg = Debug|Any CPU
		{E6BF69AB-3E15-D1FC-6973-D688EBD469A0}.Debug|Any CPU.Build.0 = Debug|Any CPU
		{E6BF69AB-3E15-D1FC-6973-D688EBD469A0}.Release|Any CPU.ActiveCfg = Release|Any CPU
		{E6BF69AB-3E15-D1FC-6973-D688EBD469A0}.Release|Any CPU.Build.0 = Release|Any CPU
		{3A430D85-050C-BCDC-19BD-28FC018EABDA}.Debug|Any CPU.ActiveCfg = Debug|Any CPU
		{3A430D85-050C-BCDC-19BD-28FC018EABDA}.Debug|Any CPU.Build.0 = Debug|Any CPU
		{3A430D85-050C-BCDC-19BD-28FC018EABDA}.Release|Any CPU.ActiveCfg = Release|Any CPU
		{3A430D85-050C-BCDC-19BD-28FC018EABDA}.Release|Any CPU.Build.0 = Release|Any CPU
		{EE2B335F-3D8F-540C-DB3F-4EDE3A47C71F}.Debug|Any CPU.ActiveCfg = Debug|Any CPU
		{EE2B335F-3D8F-540C-DB3F-4EDE3A47C71F}.Debug|Any CPU.Build.0 = Debug|Any CPU
		{EE2B335F-3D8F-540C-DB3F-4EDE3A47C71F}.Release|Any CPU.ActiveCfg = Release|Any CPU
		{EE2B335F-3D8F-540C-DB3F-4EDE3A47C71F}.Release|Any CPU.Build.0 = Release|Any CPU
		{5A0769DA-25DA-A68D-BA58-6ED404CB536B}.Debug|Any CPU.ActiveCfg = Debug|Any CPU
		{5A0769DA-25DA-A68D-BA58-6ED404CB536B}.Debug|Any CPU.Build.0 = Debug|Any CPU
		{5A0769DA-25DA-A68D-BA58-6ED404CB536B}.Release|Any CPU.ActiveCfg = Release|Any CPU
		{5A0769DA-25DA-A68D-BA58-6ED404CB536B}.Release|Any CPU.Build.0 = Release|Any CPU
		{350A2E3E-D5B6-D247-81CC-79636AE33044}.Debug|Any CPU.ActiveCfg = Debug|Any CPU
		{350A2E3E-D5B6-D247-81CC-79636AE33044}.Debug|Any CPU.Build.0 = Debug|Any CPU
		{350A2E3E-D5B6-D247-81CC-79636AE33044}.Release|Any CPU.ActiveCfg = Release|Any CPU
		{350A2E3E-D5B6-D247-81CC-79636AE33044}.Release|Any CPU.Build.0 = Release|Any CPU
		{C81FA259-74BD-EC3D-CC62-79F7B83B5FD5}.Debug|Any CPU.ActiveCfg = Debug|Any CPU
		{C81FA259-74BD-EC3D-CC62-79F7B83B5FD5}.Debug|Any CPU.Build.0 = Debug|Any CPU
		{C81FA259-74BD-EC3D-CC62-79F7B83B5FD5}.Release|Any CPU.ActiveCfg = Release|Any CPU
		{C81FA259-74BD-EC3D-CC62-79F7B83B5FD5}.Release|Any CPU.Build.0 = Release|Any CPU
		{980B2D2C-D666-A192-528B-258EEDED9640}.Debug|Any CPU.ActiveCfg = Debug|Any CPU
		{980B2D2C-D666-A192-528B-258EEDED9640}.Debug|Any CPU.Build.0 = Debug|Any CPU
		{980B2D2C-D666-A192-528B-258EEDED9640}.Release|Any CPU.ActiveCfg = Release|Any CPU
		{980B2D2C-D666-A192-528B-258EEDED9640}.Release|Any CPU.Build.0 = Release|Any CPU
		{A0590241-EC89-9436-F11D-51760213F2B6}.Debug|Any CPU.ActiveCfg = Debug|Any CPU
		{A0590241-EC89-9436-F11D-51760213F2B6}.Debug|Any CPU.Build.0 = Debug|Any CPU
		{A0590241-EC89-9436-F11D-51760213F2B6}.Release|Any CPU.ActiveCfg = Release|Any CPU
		{A0590241-EC89-9436-F11D-51760213F2B6}.Release|Any CPU.Build.0 = Release|Any CPU
		{A9D49550-C289-BEC6-FB4F-DF4449FA6580}.Debug|Any CPU.ActiveCfg = Debug|Any CPU
		{A9D49550-C289-BEC6-FB4F-DF4449FA6580}.Debug|Any CPU.Build.0 = Debug|Any CPU
		{A9D49550-C289-BEC6-FB4F-DF4449FA6580}.Release|Any CPU.ActiveCfg = Release|Any CPU
		{A9D49550-C289-BEC6-FB4F-DF4449FA6580}.Release|Any CPU.Build.0 = Release|Any CPU
		{D5331629-E20C-9796-C33B-DC058D48A6D1}.Debug|Any CPU.ActiveCfg = Debug|Any CPU
		{D5331629-E20C-9796-C33B-DC058D48A6D1}.Debug|Any CPU.Build.0 = Debug|Any CPU
		{D5331629-E20C-9796-C33B-DC058D48A6D1}.Release|Any CPU.ActiveCfg = Release|Any CPU
		{D5331629-E20C-9796-C33B-DC058D48A6D1}.Release|Any CPU.Build.0 = Release|Any CPU
		{34CF0DCA-CA92-2E62-1EEB-3A52D931CE97}.Debug|Any CPU.ActiveCfg = Debug|Any CPU
		{34CF0DCA-CA92-2E62-1EEB-3A52D931CE97}.Debug|Any CPU.Build.0 = Debug|Any CPU
		{34CF0DCA-CA92-2E62-1EEB-3A52D931CE97}.Release|Any CPU.ActiveCfg = Release|Any CPU
		{34CF0DCA-CA92-2E62-1EEB-3A52D931CE97}.Release|Any CPU.Build.0 = Release|Any CPU
		{86C0D13B-294A-B7B7-CBCB-55B8969EF4E1}.Debug|Any CPU.ActiveCfg = Debug|Any CPU
		{86C0D13B-294A-B7B7-CBCB-55B8969EF4E1}.Debug|Any CPU.Build.0 = Debug|Any CPU
		{86C0D13B-294A-B7B7-CBCB-55B8969EF4E1}.Release|Any CPU.ActiveCfg = Release|Any CPU
		{86C0D13B-294A-B7B7-CBCB-55B8969EF4E1}.Release|Any CPU.Build.0 = Release|Any CPU
		{DB7B2A56-4D08-FA00-5603-FE52E2B121C4}.Debug|Any CPU.ActiveCfg = Debug|Any CPU
		{DB7B2A56-4D08-FA00-5603-FE52E2B121C4}.Debug|Any CPU.Build.0 = Debug|Any CPU
		{DB7B2A56-4D08-FA00-5603-FE52E2B121C4}.Release|Any CPU.ActiveCfg = Release|Any CPU
		{DB7B2A56-4D08-FA00-5603-FE52E2B121C4}.Release|Any CPU.Build.0 = Release|Any CPU
		{08A726D7-FB66-1B0D-B4DD-361185E6D167}.Debug|Any CPU.ActiveCfg = Debug|Any CPU
		{08A726D7-FB66-1B0D-B4DD-361185E6D167}.Debug|Any CPU.Build.0 = Debug|Any CPU
		{08A726D7-FB66-1B0D-B4DD-361185E6D167}.Release|Any CPU.ActiveCfg = Release|Any CPU
		{08A726D7-FB66-1B0D-B4DD-361185E6D167}.Release|Any CPU.Build.0 = Release|Any CPU
		{B15A6DBA-1707-9C34-823C-E2716F6EB435}.Debug|Any CPU.ActiveCfg = Debug|Any CPU
		{B15A6DBA-1707-9C34-823C-E2716F6EB435}.Debug|Any CPU.Build.0 = Debug|Any CPU
		{B15A6DBA-1707-9C34-823C-E2716F6EB435}.Release|Any CPU.ActiveCfg = Release|Any CPU
		{B15A6DBA-1707-9C34-823C-E2716F6EB435}.Release|Any CPU.Build.0 = Release|Any CPU
		{764F9C52-508B-FC3A-1432-D4D483C87243}.Debug|Any CPU.ActiveCfg = Debug|Any CPU
		{764F9C52-508B-FC3A-1432-D4D483C87243}.Debug|Any CPU.Build.0 = Debug|Any CPU
		{764F9C52-508B-FC3A-1432-D4D483C87243}.Release|Any CPU.ActiveCfg = Release|Any CPU
		{764F9C52-508B-FC3A-1432-D4D483C87243}.Release|Any CPU.Build.0 = Release|Any CPU
		{F1DE11BE-9D61-0E52-F266-313E32311D8D}.Debug|Any CPU.ActiveCfg = Debug|Any CPU
		{F1DE11BE-9D61-0E52-F266-313E32311D8D}.Debug|Any CPU.Build.0 = Debug|Any CPU
		{F1DE11BE-9D61-0E52-F266-313E32311D8D}.Release|Any CPU.ActiveCfg = Release|Any CPU
		{F1DE11BE-9D61-0E52-F266-313E32311D8D}.Release|Any CPU.Build.0 = Release|Any CPU
		{88DDEFF3-C80D-26A7-B870-CB7F40965EE3}.Debug|Any CPU.ActiveCfg = Debug|Any CPU
		{88DDEFF3-C80D-26A7-B870-CB7F40965EE3}.Debug|Any CPU.Build.0 = Debug|Any CPU
		{88DDEFF3-C80D-26A7-B870-CB7F40965EE3}.Release|Any CPU.ActiveCfg = Release|Any CPU
		{88DDEFF3-C80D-26A7-B870-CB7F40965EE3}.Release|Any CPU.Build.0 = Release|Any CPU
		{723D97EB-DF20-DEE3-DE0F-9BD088EEF5A2}.Debug|Any CPU.ActiveCfg = Debug|Any CPU
		{723D97EB-DF20-DEE3-DE0F-9BD088EEF5A2}.Debug|Any CPU.Build.0 = Debug|Any CPU
		{723D97EB-DF20-DEE3-DE0F-9BD088EEF5A2}.Release|Any CPU.ActiveCfg = Release|Any CPU
		{723D97EB-DF20-DEE3-DE0F-9BD088EEF5A2}.Release|Any CPU.Build.0 = Release|Any CPU
		{514C98E5-1F69-3C71-662B-2D6CA97E1EF1}.Debug|Any CPU.ActiveCfg = Debug|Any CPU
		{514C98E5-1F69-3C71-662B-2D6CA97E1EF1}.Debug|Any CPU.Build.0 = Debug|Any CPU
		{514C98E5-1F69-3C71-662B-2D6CA97E1EF1}.Release|Any CPU.ActiveCfg = Release|Any CPU
		{514C98E5-1F69-3C71-662B-2D6CA97E1EF1}.Release|Any CPU.Build.0 = Release|Any CPU
		{443F1652-E792-57E5-8787-AA99610EB4E4}.Debug|Any CPU.ActiveCfg = Debug|Any CPU
		{443F1652-E792-57E5-8787-AA99610EB4E4}.Debug|Any CPU.Build.0 = Debug|Any CPU
		{443F1652-E792-57E5-8787-AA99610EB4E4}.Release|Any CPU.ActiveCfg = Release|Any CPU
		{443F1652-E792-57E5-8787-AA99610EB4E4}.Release|Any CPU.Build.0 = Release|Any CPU
		{92A0EC64-A362-2E4D-1355-F74660D16469}.Debug|Any CPU.ActiveCfg = Debug|Any CPU
		{92A0EC64-A362-2E4D-1355-F74660D16469}.Debug|Any CPU.Build.0 = Debug|Any CPU
		{92A0EC64-A362-2E4D-1355-F74660D16469}.Release|Any CPU.ActiveCfg = Release|Any CPU
		{92A0EC64-A362-2E4D-1355-F74660D16469}.Release|Any CPU.Build.0 = Release|Any CPU
		{31CFDF8D-DFD4-CD3A-4A2C-A6D46277A995}.Debug|Any CPU.ActiveCfg = Debug|Any CPU
		{31CFDF8D-DFD4-CD3A-4A2C-A6D46277A995}.Debug|Any CPU.Build.0 = Debug|Any CPU
		{31CFDF8D-DFD4-CD3A-4A2C-A6D46277A995}.Release|Any CPU.ActiveCfg = Release|Any CPU
		{31CFDF8D-DFD4-CD3A-4A2C-A6D46277A995}.Release|Any CPU.Build.0 = Release|Any CPU
		{70CDA699-BB71-95EC-B9E1-15001EAB9727}.Debug|Any CPU.ActiveCfg = Debug|Any CPU
		{70CDA699-BB71-95EC-B9E1-15001EAB9727}.Debug|Any CPU.Build.0 = Debug|Any CPU
		{70CDA699-BB71-95EC-B9E1-15001EAB9727}.Release|Any CPU.ActiveCfg = Release|Any CPU
		{70CDA699-BB71-95EC-B9E1-15001EAB9727}.Release|Any CPU.Build.0 = Release|Any CPU
		{01EF0CF8-A5AB-512D-2CC7-71C97B37ABD9}.Debug|Any CPU.ActiveCfg = Debug|Any CPU
		{01EF0CF8-A5AB-512D-2CC7-71C97B37ABD9}.Debug|Any CPU.Build.0 = Debug|Any CPU
		{01EF0CF8-A5AB-512D-2CC7-71C97B37ABD9}.Release|Any CPU.ActiveCfg = Release|Any CPU
		{01EF0CF8-A5AB-512D-2CC7-71C97B37ABD9}.Release|Any CPU.Build.0 = Release|Any CPU
		{F3FAC2AB-9CE5-772C-2752-DCD4AA101A6F}.Debug|Any CPU.ActiveCfg = Debug|Any CPU
		{F3FAC2AB-9CE5-772C-2752-DCD4AA101A6F}.Debug|Any CPU.Build.0 = Debug|Any CPU
		{F3FAC2AB-9CE5-772C-2752-DCD4AA101A6F}.Release|Any CPU.ActiveCfg = Release|Any CPU
		{F3FAC2AB-9CE5-772C-2752-DCD4AA101A6F}.Release|Any CPU.Build.0 = Release|Any CPU
		{7A22C933-B256-0D4B-5724-3187383E86DC}.Debug|Any CPU.ActiveCfg = Debug|Any CPU
		{7A22C933-B256-0D4B-5724-3187383E86DC}.Debug|Any CPU.Build.0 = Debug|Any CPU
		{7A22C933-B256-0D4B-5724-3187383E86DC}.Release|Any CPU.ActiveCfg = Release|Any CPU
		{7A22C933-B256-0D4B-5724-3187383E86DC}.Release|Any CPU.Build.0 = Release|Any CPU
		{2B00D0B7-8208-B472-7AA7-5DE31EB90290}.Debug|Any CPU.ActiveCfg = Debug|Any CPU
		{2B00D0B7-8208-B472-7AA7-5DE31EB90290}.Debug|Any CPU.Build.0 = Debug|Any CPU
		{2B00D0B7-8208-B472-7AA7-5DE31EB90290}.Release|Any CPU.ActiveCfg = Release|Any CPU
		{2B00D0B7-8208-B472-7AA7-5DE31EB90290}.Release|Any CPU.Build.0 = Release|Any CPU
		{4F6FA408-4E41-7DD5-85EF-51A5A7784E3B}.Debug|Any CPU.ActiveCfg = Debug|Any CPU
		{4F6FA408-4E41-7DD5-85EF-51A5A7784E3B}.Debug|Any CPU.Build.0 = Debug|Any CPU
		{4F6FA408-4E41-7DD5-85EF-51A5A7784E3B}.Release|Any CPU.ActiveCfg = Release|Any CPU
		{4F6FA408-4E41-7DD5-85EF-51A5A7784E3B}.Release|Any CPU.Build.0 = Release|Any CPU
		{C4AD8DC9-742B-770B-80D8-0C0E4C3913FE}.Debug|Any CPU.ActiveCfg = Debug|Any CPU
		{C4AD8DC9-742B-770B-80D8-0C0E4C3913FE}.Debug|Any CPU.Build.0 = Debug|Any CPU
		{C4AD8DC9-742B-770B-80D8-0C0E4C3913FE}.Release|Any CPU.ActiveCfg = Release|Any CPU
		{C4AD8DC9-742B-770B-80D8-0C0E4C3913FE}.Release|Any CPU.Build.0 = Release|Any CPU
		{282A0AC3-D804-8051-C37A-506E18C3D800}.Debug|Any CPU.ActiveCfg = Debug|Any CPU
		{282A0AC3-D804-8051-C37A-506E18C3D800}.Debug|Any CPU.Build.0 = Debug|Any CPU
		{282A0AC3-D804-8051-C37A-506E18C3D800}.Release|Any CPU.ActiveCfg = Release|Any CPU
		{282A0AC3-D804-8051-C37A-506E18C3D800}.Release|Any CPU.Build.0 = Release|Any CPU
		{2481BE0E-E909-F928-4E6F-19B7B6A9AF12}.Debug|Any CPU.ActiveCfg = Debug|Any CPU
		{2481BE0E-E909-F928-4E6F-19B7B6A9AF12}.Debug|Any CPU.Build.0 = Debug|Any CPU
		{2481BE0E-E909-F928-4E6F-19B7B6A9AF12}.Release|Any CPU.ActiveCfg = Release|Any CPU
		{2481BE0E-E909-F928-4E6F-19B7B6A9AF12}.Release|Any CPU.Build.0 = Release|Any CPU
		{96B76F09-7E47-539F-9927-1DD8EA417606}.Debug|Any CPU.ActiveCfg = Debug|Any CPU
		{96B76F09-7E47-539F-9927-1DD8EA417606}.Debug|Any CPU.Build.0 = Debug|Any CPU
		{96B76F09-7E47-539F-9927-1DD8EA417606}.Release|Any CPU.ActiveCfg = Release|Any CPU
		{96B76F09-7E47-539F-9927-1DD8EA417606}.Release|Any CPU.Build.0 = Release|Any CPU
		{288C494A-222A-7510-AAB3-5FCBBB247417}.Debug|Any CPU.ActiveCfg = Debug|Any CPU
		{288C494A-222A-7510-AAB3-5FCBBB247417}.Debug|Any CPU.Build.0 = Debug|Any CPU
		{288C494A-222A-7510-AAB3-5FCBBB247417}.Release|Any CPU.ActiveCfg = Release|Any CPU
		{288C494A-222A-7510-AAB3-5FCBBB247417}.Release|Any CPU.Build.0 = Release|Any CPU
		{077C9E7B-9FC6-CA4D-D1C8-78851BA3A4BE}.Debug|Any CPU.ActiveCfg = Debug|Any CPU
		{077C9E7B-9FC6-CA4D-D1C8-78851BA3A4BE}.Debug|Any CPU.Build.0 = Debug|Any CPU
		{077C9E7B-9FC6-CA4D-D1C8-78851BA3A4BE}.Release|Any CPU.ActiveCfg = Release|Any CPU
		{077C9E7B-9FC6-CA4D-D1C8-78851BA3A4BE}.Release|Any CPU.Build.0 = Release|Any CPU
		{958D8316-29AA-E07F-948B-9B9040DB27C2}.Debug|Any CPU.ActiveCfg = Debug|Any CPU
		{958D8316-29AA-E07F-948B-9B9040DB27C2}.Debug|Any CPU.Build.0 = Debug|Any CPU
		{958D8316-29AA-E07F-948B-9B9040DB27C2}.Release|Any CPU.ActiveCfg = Release|Any CPU
		{958D8316-29AA-E07F-948B-9B9040DB27C2}.Release|Any CPU.Build.0 = Release|Any CPU
		{22AC7CA8-0F1D-6093-87B6-1823CD8431E9}.Debug|Any CPU.ActiveCfg = Debug|Any CPU
		{22AC7CA8-0F1D-6093-87B6-1823CD8431E9}.Debug|Any CPU.Build.0 = Debug|Any CPU
		{22AC7CA8-0F1D-6093-87B6-1823CD8431E9}.Release|Any CPU.ActiveCfg = Release|Any CPU
		{22AC7CA8-0F1D-6093-87B6-1823CD8431E9}.Release|Any CPU.Build.0 = Release|Any CPU
	EndGlobalSection
	GlobalSection(SolutionProperties) = preSolution
		HideSolutionNode = FALSE
	EndGlobalSection
EndGlobal
